// !$*UTF8*$!
{
	archiveVersion = 1;
	classes = {
	};
	objectVersion = 48;
	objects = {

/* Begin PBXBuildFile section */
		661A59391F9A0D9A002C7EF3 /* AppDelegate.m in Sources */ = {isa = PBXBuildFile; fileRef = 661A59381F9A0D9A002C7EF3 /* AppDelegate.m */; };
		661A593C1F9A0D9A002C7EF3 /* ViewController.m in Sources */ = {isa = PBXBuildFile; fileRef = 661A593B1F9A0D9A002C7EF3 /* ViewController.m */; };
		661A593F1F9A0D9A002C7EF3 /* Main.storyboard in Resources */ = {isa = PBXBuildFile; fileRef = 661A593D1F9A0D9A002C7EF3 /* Main.storyboard */; };
		661A59411F9A0D9A002C7EF3 /* Assets.xcassets in Resources */ = {isa = PBXBuildFile; fileRef = 661A59401F9A0D9A002C7EF3 /* Assets.xcassets */; };
		661A59441F9A0D9A002C7EF3 /* LaunchScreen.storyboard in Resources */ = {isa = PBXBuildFile; fileRef = 661A59421F9A0D9A002C7EF3 /* LaunchScreen.storyboard */; };
		661A59471F9A0D9A002C7EF3 /* main.m in Sources */ = {isa = PBXBuildFile; fileRef = 661A59461F9A0D9A002C7EF3 /* main.m */; };
/* End PBXBuildFile section */

/* Begin PBXFileReference section */
		661A59341F9A0D9A002C7EF3 /* CWPhotoBrowser.app */ = {isa = PBXFileReference; explicitFileType = wrapper.application; includeInIndex = 0; path = CWPhotoBrowser.app; sourceTree = BUILT_PRODUCTS_DIR; };
		661A59371F9A0D9A002C7EF3 /* AppDelegate.h */ = {isa = PBXFileReference; lastKnownFileType = sourcecode.c.h; path = AppDelegate.h; sourceTree = "<group>"; };
		661A59381F9A0D9A002C7EF3 /* AppDelegate.m */ = {isa = PBXFileReference; lastKnownFileType = sourcecode.c.objc; path = AppDelegate.m; sourceTree = "<group>"; };
		661A593A1F9A0D9A002C7EF3 /* ViewController.h */ = {isa = PBXFileReference; lastKnownFileType = sourcecode.c.h; path = ViewController.h; sourceTree = "<group>"; };
		661A593B1F9A0D9A002C7EF3 /* ViewController.m */ = {isa = PBXFileReference; lastKnownFileType = sourcecode.c.objc; path = ViewController.m; sourceTree = "<group>"; };
		661A593E1F9A0D9A002C7EF3 /* Base */ = {isa = PBXFileReference; lastKnownFileType = file.storyboard; name = Base; path = Base.lproj/Main.storyboard; sourceTree = "<group>"; };
		661A59401F9A0D9A002C7EF3 /* Assets.xcassets */ = {isa = PBXFileReference; lastKnownFileType = folder.assetcatalog; path = Assets.xcassets; sourceTree = "<group>"; };
		661A59431F9A0D9A002C7EF3 /* Base */ = {isa = PBXFileReference; lastKnownFileType = file.storyboard; name = Base; path = Base.lproj/LaunchScreen.storyboard; sourceTree = "<group>"; };
		661A59451F9A0D9A002C7EF3 /* Info.plist */ = {isa = PBXFileReference; lastKnownFileType = text.plist.xml; path = Info.plist; sourceTree = "<group>"; };
		661A59461F9A0D9A002C7EF3 /* main.m */ = {isa = PBXFileReference; lastKnownFileType = sourcecode.c.objc; path = main.m; sourceTree = "<group>"; };
/* End PBXFileReference section */

/* Begin PBXFrameworksBuildPhase section */
		661A59311F9A0D9A002C7EF3 /* Frameworks */ = {
			isa = PBXFrameworksBuildPhase;
			buildActionMask = 2147483647;
			files = (
			);
			runOnlyForDeploymentPostprocessing = 0;
		};
/* End PBXFrameworksBuildPhase section */

/* Begin PBXGroup section */
		661A592B1F9A0D9A002C7EF3 = {
			isa = PBXGroup;
			children = (
				661A59361F9A0D9A002C7EF3 /* CWPhotoBrowser */,
				661A59351F9A0D9A002C7EF3 /* Products */,
			);
			sourceTree = "<group>";
		};
		661A59351F9A0D9A002C7EF3 /* Products */ = {
			isa = PBXGroup;
			children = (
				661A59341F9A0D9A002C7EF3 /* CWPhotoBrowser.app */,
			);
			name = Products;
			sourceTree = "<group>";
		};
		661A59361F9A0D9A002C7EF3 /* CWPhotoBrowser */ = {
			isa = PBXGroup;
			children = (
				661A59371F9A0D9A002C7EF3 /* AppDelegate.h */,
				661A59381F9A0D9A002C7EF3 /* AppDelegate.m */,
				661A593A1F9A0D9A002C7EF3 /* ViewController.h */,
				661A593B1F9A0D9A002C7EF3 /* ViewController.m */,
				661A593D1F9A0D9A002C7EF3 /* Main.storyboard */,
				661A59401F9A0D9A002C7EF3 /* Assets.xcassets */,
				661A59421F9A0D9A002C7EF3 /* LaunchScreen.storyboard */,
				661A59451F9A0D9A002C7EF3 /* Info.plist */,
				661A59461F9A0D9A002C7EF3 /* main.m */,
			);
			path = CWPhotoBrowser;
			sourceTree = "<group>";
		};
/* End PBXGroup section */

/* Begin PBXNativeTarget section */
		661A59331F9A0D9A002C7EF3 /* CWPhotoBrowser */ = {
			isa = PBXNativeTarget;
			buildConfigurationList = 661A594A1F9A0D9A002C7EF3 /* Build configuration list for PBXNativeTarget "CWPhotoBrowser" */;
			buildPhases = (
				661A59301F9A0D9A002C7EF3 /* Sources */,
				661A59311F9A0D9A002C7EF3 /* Frameworks */,
				661A59321F9A0D9A002C7EF3 /* Resources */,
			);
			buildRules = (
			);
			dependencies = (
			);
			name = CWPhotoBrowser;
			productName = CWPhotoBrowser;
			productReference = 661A59341F9A0D9A002C7EF3 /* CWPhotoBrowser.app */;
			productType = "com.apple.product-type.application";
		};
/* End PBXNativeTarget section */

/* Begin PBXProject section */
		661A592C1F9A0D9A002C7EF3 /* Project object */ = {
			isa = PBXProject;
			attributes = {
				LastUpgradeCheck = 0900;
				ORGANIZATIONNAME = ChenWei;
				TargetAttributes = {
					661A59331F9A0D9A002C7EF3 = {
						CreatedOnToolsVersion = 9.0;
						ProvisioningStyle = Automatic;
					};
				};
			};
			buildConfigurationList = 661A592F1F9A0D9A002C7EF3 /* Build configuration list for PBXProject "CWPhotoBrowser" */;
			compatibilityVersion = "Xcode 8.0";
			developmentRegion = en;
			hasScannedForEncodings = 0;
			knownRegions = (
				en,
				Base,
			);
			mainGroup = 661A592B1F9A0D9A002C7EF3;
			productRefGroup = 661A59351F9A0D9A002C7EF3 /* Products */;
			projectDirPath = "";
			projectRoot = "";
			targets = (
				661A59331F9A0D9A002C7EF3 /* CWPhotoBrowser */,
			);
		};
/* End PBXProject section */

/* Begin PBXResourcesBuildPhase section */
		661A59321F9A0D9A002C7EF3 /* Resources */ = {
			isa = PBXResourcesBuildPhase;
			buildActionMask = 2147483647;
			files = (
				661A59441F9A0D9A002C7EF3 /* LaunchScreen.storyboard in Resources */,
				661A59411F9A0D9A002C7EF3 /* Assets.xcassets in Resources */,
				661A593F1F9A0D9A002C7EF3 /* Main.storyboard in Resources */,
			);
			runOnlyForDeploymentPostprocessing = 0;
		};
/* End PBXResourcesBuildPhase section */

/* Begin PBXSourcesBuildPhase section */
		661A59301F9A0D9A002C7EF3 /* Sources */ = {
			isa = PBXSourcesBuildPhase;
			buildActionMask = 2147483647;
			files = (
				661A593C1F9A0D9A002C7EF3 /* ViewController.m in Sources */,
				661A59471F9A0D9A002C7EF3 /* main.m in Sources */,
				661A59391F9A0D9A002C7EF3 /* AppDelegate.m in Sources */,
			);
			runOnlyForDeploymentPostprocessing = 0;
		};
/* End PBXSourcesBuildPhase section */

/* Begin PBXVariantGroup section */
		661A593D1F9A0D9A002C7EF3 /* Main.storyboard */ = {
			isa = PBXVariantGroup;
			children = (
				661A593E1F9A0D9A002C7EF3 /* Base */,
			);
			name = Main.storyboard;
			sourceTree = "<group>";
		};
		661A59421F9A0D9A002C7EF3 /* LaunchScreen.storyboard */ = {
			isa = PBXVariantGroup;
			children = (
				661A59431F9A0D9A002C7EF3 /* Base */,
			);
			name = LaunchScreen.storyboard;
			sourceTree = "<group>";
		};
/* End PBXVariantGroup section */

/* Begin XCBuildConfiguration section */
		661A59481F9A0D9A002C7EF3 /* Debug */ = {
			isa = XCBuildConfiguration;
			buildSettings = {
				ALWAYS_SEARCH_USER_PATHS = NO;
				CLANG_ANALYZER_NONNULL = YES;
				CLANG_ANALYZER_NUMBER_OBJECT_CONVERSION = YES_AGGRESSIVE;
				CLANG_CXX_LANGUAGE_STANDARD = "gnu++14";
				CLANG_CXX_LIBRARY = "libc++";
				CLANG_ENABLE_MODULES = YES;
				CLANG_ENABLE_OBJC_ARC = YES;
				CLANG_WARN_BLOCK_CAPTURE_AUTORELEASING = YES;
				CLANG_WARN_BOOL_CONVERSION = YES;
				CLANG_WARN_COMMA = YES;
				CLANG_WARN_CONSTANT_CONVERSION = YES;
				CLANG_WARN_DIRECT_OBJC_ISA_USAGE = YES_ERROR;
				CLANG_WARN_DOCUMENTATION_COMMENTS = YES;
				CLANG_WARN_EMPTY_BODY = YES;
				CLANG_WARN_ENUM_CONVERSION = YES;
				CLANG_WARN_INFINITE_RECURSION = YES;
				CLANG_WARN_INT_CONVERSION = YES;
				CLANG_WARN_NON_LITERAL_NULL_CONVERSION = YES;
				CLANG_WARN_OBJC_LITERAL_CONVERSION = YES;
				CLANG_WARN_OBJC_ROOT_CLASS = YES_ERROR;
				CLANG_WARN_RANGE_LOOP_ANALYSIS = YES;
				CLANG_WARN_STRICT_PROTOTYPES = YES;
				CLANG_WARN_SUSPICIOUS_MOVE = YES;
				CLANG_WARN_UNGUARDED_AVAILABILITY = YES_AGGRESSIVE;
				CLANG_WARN_UNREACHABLE_CODE = YES;
				CLANG_WARN__DUPLICATE_METHOD_MATCH = YES;
				CODE_SIGN_IDENTITY = "iPhone Developer";
				COPY_PHASE_STRIP = NO;
				DEBUG_INFORMATION_FORMAT = dwarf;
				ENABLE_STRICT_OBJC_MSGSEND = YES;
				ENABLE_TESTABILITY = YES;
				GCC_C_LANGUAGE_STANDARD = gnu11;
				GCC_DYNAMIC_NO_PIC = NO;
				GCC_NO_COMMON_BLOCKS = YES;
				GCC_OPTIMIZATION_LEVEL = 0;
				GCC_PREPROCESSOR_DEFINITIONS = (
					"DEBUG=1",
					"$(inherited)",
				);
				GCC_WARN_64_TO_32_BIT_CONVERSION = YES;
				GCC_WARN_ABOUT_RETURN_TYPE = YES_ERROR;
				GCC_WARN_UNDECLARED_SELECTOR = YES;
				GCC_WARN_UNINITIALIZED_AUTOS = YES_AGGRESSIVE;
				GCC_WARN_UNUSED_FUNCTION = YES;
				GCC_WARN_UNUSED_VARIABLE = YES;
				IPHONEOS_DEPLOYMENT_TARGET = 11.0;
				MTL_ENABLE_DEBUG_INFO = YES;
				ONLY_ACTIVE_ARCH = YES;
				SDKROOT = iphoneos;
			};
			name = Debug;
		};
		661A59491F9A0D9A002C7EF3 /* Release */ = {
			isa = XCBuildConfiguration;
			buildSettings = {
				ALWAYS_SEARCH_USER_PATHS = NO;
				CLANG_ANALYZER_NONNULL = YES;
				CLANG_ANALYZER_NUMBER_OBJECT_CONVERSION = YES_AGGRESSIVE;
				CLANG_CXX_LANGUAGE_STANDARD = "gnu++14";
				CLANG_CXX_LIBRARY = "libc++";
				CLANG_ENABLE_MODULES = YES;
				CLANG_ENABLE_OBJC_ARC = YES;
				CLANG_WARN_BLOCK_CAPTURE_AUTORELEASING = YES;
				CLANG_WARN_BOOL_CONVERSION = YES;
				CLANG_WARN_COMMA = YES;
				CLANG_WARN_CONSTANT_CONVERSION = YES;
				CLANG_WARN_DIRECT_OBJC_ISA_USAGE = YES_ERROR;
				CLANG_WARN_DOCUMENTATION_COMMENTS = YES;
				CLANG_WARN_EMPTY_BODY = YES;
				CLANG_WARN_ENUM_CONVERSION = YES;
				CLANG_WARN_INFINITE_RECURSION = YES;
				CLANG_WARN_INT_CONVERSION = YES;
				CLANG_WARN_NON_LITERAL_NULL_CONVERSION = YES;
				CLANG_WARN_OBJC_LITERAL_CONVERSION = YES;
				CLANG_WARN_OBJC_ROOT_CLASS = YES_ERROR;
				CLANG_WARN_RANGE_LOOP_ANALYSIS = YES;
				CLANG_WARN_STRICT_PROTOTYPES = YES;
				CLANG_WARN_SUSPICIOUS_MOVE = YES;
				CLANG_WARN_UNGUARDED_AVAILABILITY = YES_AGGRESSIVE;
				CLANG_WARN_UNREACHABLE_CODE = YES;
				CLANG_WARN__DUPLICATE_METHOD_MATCH = YES;
				CODE_SIGN_IDENTITY = "iPhone Developer";
				COPY_PHASE_STRIP = NO;
				DEBUG_INFORMATION_FORMAT = "dwarf-with-dsym";
				ENABLE_NS_ASSERTIONS = NO;
				ENABLE_STRICT_OBJC_MSGSEND = YES;
				GCC_C_LANGUAGE_STANDARD = gnu11;
				GCC_NO_COMMON_BLOCKS = YES;
				GCC_WARN_64_TO_32_BIT_CONVERSION = YES;
				GCC_WARN_ABOUT_RETURN_TYPE = YES_ERROR;
				GCC_WARN_UNDECLARED_SELECTOR = YES;
				GCC_WARN_UNINITIALIZED_AUTOS = YES_AGGRESSIVE;
				GCC_WARN_UNUSED_FUNCTION = YES;
				GCC_WARN_UNUSED_VARIABLE = YES;
				IPHONEOS_DEPLOYMENT_TARGET = 11.0;
				MTL_ENABLE_DEBUG_INFO = NO;
				SDKROOT = iphoneos;
				VALIDATE_PRODUCT = YES;
			};
			name = Release;
		};
		661A594B1F9A0D9A002C7EF3 /* Debug */ = {
			isa = XCBuildConfiguration;
			buildSettings = {
				ASSETCATALOG_COMPILER_APPICON_NAME = AppIcon;
				CODE_SIGN_STYLE = Automatic;
				DEVELOPMENT_TEAM = 2SLV9Q2G68;
				INFOPLIST_FILE = CWPhotoBrowser/Info.plist;
				LD_RUNPATH_SEARCH_PATHS = "$(inherited) @executable_path/Frameworks";
				PRODUCT_BUNDLE_IDENTIFIER = cn.com.ceway.CWPhotoBrowser;
				PRODUCT_NAME = "$(TARGET_NAME)";
				TARGETED_DEVICE_FAMILY = "1,2";
			};
			name = Debug;
		};
		661A594C1F9A0D9A002C7EF3 /* Release */ = {
			isa = XCBuildConfiguration;
			buildSettings = {
				ASSETCATALOG_COMPILER_APPICON_NAME = AppIcon;
				CODE_SIGN_STYLE = Automatic;
				DEVELOPMENT_TEAM = 2SLV9Q2G68;
				INFOPLIST_FILE = CWPhotoBrowser/Info.plist;
				LD_RUNPATH_SEARCH_PATHS = "$(inherited) @executable_path/Frameworks";
				PRODUCT_BUNDLE_IDENTIFIER = cn.com.ceway.CWPhotoBrowser;
				PRODUCT_NAME = "$(TARGET_NAME)";
				TARGETED_DEVICE_FAMILY = "1,2";
			};
			name = Release;
		};
/* End XCBuildConfiguration section */

/* Begin XCConfigurationList section */
		661A592F1F9A0D9A002C7EF3 /* Build configuration list for PBXProject "CWPhotoBrowser" */ = {
			isa = XCConfigurationList;
			buildConfigurations = (
				661A59481F9A0D9A002C7EF3 /* Debug */,
				661A59491F9A0D9A002C7EF3 /* Release */,
			);
			defaultConfigurationIsVisible = 0;
			defaultConfigurationName = Release;
		};
		661A594A1F9A0D9A002C7EF3 /* Build configuration list for PBXNativeTarget "CWPhotoBrowser" */ = {
			isa = XCConfigurationList;
			buildConfigurations = (
				661A594B1F9A0D9A002C7EF3 /* Debug */,
				661A594C1F9A0D9A002C7EF3 /* Release */,
			);
			defaultConfigurationIsVisible = 0;
			defaultConfigurationName = Release;
		};
/* End XCConfigurationList section */
	};
	rootObject = 661A592C1F9A0D9A002C7EF3 /* Project object */;
}
